
Microsoft Visual Studio Solution File, Format Version 12.00
# Visual Studio 2013
VisualStudioVersion = 12.0.31101.0
MinimumVisualStudioVersion = 10.0.40219.1
Project("{FAE04EC0-301F-11D3-BF4B-00C04F79EFBC}") = "Reuben", "Reuben\Reuben.csproj", "{B6EDED74-9C63-46AC-A946-4E81190B60A1}"
EndProject
Project("{FAE04EC0-301F-11D3-BF4B-00C04F79EFBC}") = "Daiz.NES.Reuben.ProjectManagement", "Daiz.NES.Reuben.ProjectManagement\Daiz.NES.Reuben.ProjectManagement.csproj", "{5A27B53A-5311-481F-B6AA-3EC390E89FE9}"
EndProject
Project("{FAE04EC0-301F-11D3-BF4B-00C04F79EFBC}") = "Reuben.Model", "Reuben.Model\Reuben.Model.csproj", "{EB481CB8-5656-499A-B189-32DBFF50A101}"
EndProject
Project("{FAE04EC0-301F-11D3-BF4B-00C04F79EFBC}") = "Reuben.NESGraphics", "Reuben.Graphics\Reuben.NESGraphics.csproj", "{8C98927A-AF90-44B4-92E9-9134939B7D31}"
EndProject
Project("{FAE04EC0-301F-11D3-BF4B-00C04F79EFBC}") = "Reuben.Controllers", "Reuben.Controllers\Reuben.Controllers.csproj", "{64DB43F7-E1E9-48D9-9C1A-6CA15C952455}"
EndProject
Project("{FAE04EC0-301F-11D3-BF4B-00C04F79EFBC}") = "Conversion", "Conversion\Conversion.csproj", "{1C2808F3-3791-4B53-AFD8-C7A5D967936E}"
EndProject
Project("{FAE04EC0-301F-11D3-BF4B-00C04F79EFBC}") = "Reuben.UI", "Reuben.UI\Reuben.UI.csproj", "{D64BDEC4-28E1-4E9F-BBD0-9EDFAF469AAA}"
EndProject
Project("{2150E333-8FDC-42A3-9474-1A3956D46DE8}") = "Solution Items", "Solution Items", "{6BFDDC16-9053-49E9-8CA5-8D8656078C3D}"
	ProjectSection(SolutionItems) = preProject
		Performance1.psess = Performance1.psess
	EndProjectSection
EndProject
Global
	GlobalSection(SolutionConfigurationPlatforms) = preSolution
		Debug|Any CPU = Debug|Any CPU
		Release|Any CPU = Release|Any CPU
	EndGlobalSection
	GlobalSection(ProjectConfigurationPlatforms) = postSolution
		{B6EDED74-9C63-46AC-A946-4E81190B60A1}.Debug|Any CPU.ActiveCfg = Debug|Any CPU
		{B6EDED74-9C63-46AC-A946-4E81190B60A1}.Debug|Any CPU.Build.0 = Debug|Any CPU
		{B6EDED74-9C63-46AC-A946-4E81190B60A1}.Release|Any CPU.ActiveCfg = Release|Any CPU
		{B6EDED74-9C63-46AC-A946-4E81190B60A1}.Release|Any CPU.Build.0 = Release|Any CPU
		{5A27B53A-5311-481F-B6AA-3EC390E89FE9}.Debug|Any CPU.ActiveCfg = Debug|Any CPU
		{5A27B53A-5311-481F-B6AA-3EC390E89FE9}.Debug|Any CPU.Build.0 = Debug|Any CPU
		{5A27B53A-5311-481F-B6AA-3EC390E89FE9}.Release|Any CPU.ActiveCfg = Release|Any CPU
		{5A27B53A-5311-481F-B6AA-3EC390E89FE9}.Release|Any CPU.Build.0 = Release|Any CPU
		{EB481CB8-5656-499A-B189-32DBFF50A101}.Debug|Any CPU.ActiveCfg = Debug|Any CPU
		{EB481CB8-5656-499A-B189-32DBFF50A101}.Debug|Any CPU.Build.0 = Debug|Any CPU
		{EB481CB8-5656-499A-B189-32DBFF50A101}.Release|Any CPU.ActiveCfg = Release|Any CPU
		{EB481CB8-5656-499A-B189-32DBFF50A101}.Release|Any CPU.Build.0 = Release|Any CPU
		{8C98927A-AF90-44B4-92E9-9134939B7D31}.Debug|Any CPU.ActiveCfg = Debug|Any CPU
		{8C98927A-AF90-44B4-92E9-9134939B7D31}.Debug|Any CPU.Build.0 = Debug|Any CPU
		{8C98927A-AF90-44B4-92E9-9134939B7D31}.Release|Any CPU.ActiveCfg = Release|Any CPU
		{8C98927A-AF90-44B4-92E9-9134939B7D31}.Release|Any CPU.Build.0 = Release|Any CPU
		{64DB43F7-E1E9-48D9-9C1A-6CA15C952455}.Debug|Any CPU.ActiveCfg = Debug|Any CPU
		{64DB43F7-E1E9-48D9-9C1A-6CA15C952455}.Debug|Any CPU.Build.0 = Debug|Any CPU
		{64DB43F7-E1E9-48D9-9C1A-6CA15C952455}.Release|Any CPU.ActiveCfg = Release|Any CPU
		{64DB43F7-E1E9-48D9-9C1A-6CA15C952455}.Release|Any CPU.Build.0 = Release|Any CPU
		{1C2808F3-3791-4B53-AFD8-C7A5D967936E}.Debug|Any CPU.ActiveCfg = Debug|Any CPU
		{1C2808F3-3791-4B53-AFD8-C7A5D967936E}.Debug|Any CPU.Build.0 = Debug|Any CPU
		{1C2808F3-3791-4B53-AFD8-C7A5D967936E}.Release|Any CPU.ActiveCfg = Release|Any CPU
		{1C2808F3-3791-4B53-AFD8-C7A5D967936E}.Release|Any CPU.Build.0 = Release|Any CPU
		{D64BDEC4-28E1-4E9F-BBD0-9EDFAF469AAA}.Debug|Any CPU.ActiveCfg = Debug|Any CPU
		{D64BDEC4-28E1-4E9F-BBD0-9EDFAF469AAA}.Debug|Any CPU.Build.0 = Debug|Any CPU
		{D64BDEC4-28E1-4E9F-BBD0-9EDFAF469AAA}.Release|Any CPU.ActiveCfg = Release|Any CPU
		{D64BDEC4-28E1-4E9F-BBD0-9EDFAF469AAA}.Release|Any CPU.Build.0 = Release|Any CPU
	EndGlobalSection
	GlobalSection(SolutionProperties) = preSolution
		HideSolutionNode = FALSE
	EndGlobalSection
EndGlobal
